// !$*UTF8*$!
{
	archiveVersion = 1;
	classes = {
	};
	objectVersion = 50;
	objects = {

/* Begin PBXBuildFile section */
		AC7D52B3266F45B4003E78F0 /* AppDelegate.swift in Sources */ = {isa = PBXBuildFile; fileRef = AC7D52B2266F45B4003E78F0 /* AppDelegate.swift */; };
		AC7D52B5266F45B4003E78F0 /* SceneDelegate.swift in Sources */ = {isa = PBXBuildFile; fileRef = AC7D52B4266F45B4003E78F0 /* SceneDelegate.swift */; };
		AC7D52B7266F45B4003E78F0 /* ViewController.swift in Sources */ = {isa = PBXBuildFile; fileRef = AC7D52B6266F45B4003E78F0 /* ViewController.swift */; };
		AC7D52BA266F45B4003E78F0 /* Main.storyboard in Resources */ = {isa = PBXBuildFile; fileRef = AC7D52B8266F45B4003E78F0 /* Main.storyboard */; };
		AC7D52BC266F45B5003E78F0 /* Assets.xcassets in Resources */ = {isa = PBXBuildFile; fileRef = AC7D52BB266F45B5003E78F0 /* Assets.xcassets */; };
		AC7D52BF266F45B5003E78F0 /* LaunchScreen.storyboard in Resources */ = {isa = PBXBuildFile; fileRef = AC7D52BD266F45B5003E78F0 /* LaunchScreen.storyboard */; };
		AC7D52CA266F45B5003E78F0 /* InvestigatorAppTests.swift in Sources */ = {isa = PBXBuildFile; fileRef = AC7D52C9266F45B5003E78F0 /* InvestigatorAppTests.swift */; };
		AC7D52D5266F45B5003E78F0 /* InvestigatorAppUITests.swift in Sources */ = {isa = PBXBuildFile; fileRef = AC7D52D4266F45B5003E78F0 /* InvestigatorAppUITests.swift */; };
		AC7D52E3266F4865003E78F0 /* .gitignore in Resources */ = {isa = PBXBuildFile; fileRef = AC7D52E2266F4865003E78F0 /* .gitignore */; };
/* End PBXBuildFile section */

/* Begin PBXContainerItemProxy section */
		AC7D52C6266F45B5003E78F0 /* PBXContainerItemProxy */ = {
			isa = PBXContainerItemProxy;
			containerPortal = AC7D52A7266F45B4003E78F0 /* Project object */;
			proxyType = 1;
			remoteGlobalIDString = AC7D52AE266F45B4003E78F0;
			remoteInfo = InvestigatorApp;
		};
		AC7D52D1266F45B5003E78F0 /* PBXContainerItemProxy */ = {
			isa = PBXContainerItemProxy;
			containerPortal = AC7D52A7266F45B4003E78F0 /* Project object */;
			proxyType = 1;
			remoteGlobalIDString = AC7D52AE266F45B4003E78F0;
			remoteInfo = InvestigatorApp;
		};
/* End PBXContainerItemProxy section */

/* Begin PBXFileReference section */
		AC7D52AF266F45B4003E78F0 /* InvestigatorApp.app */ = {isa = PBXFileReference; explicitFileType = wrapper.application; includeInIndex = 0; path = InvestigatorApp.app; sourceTree = BUILT_PRODUCTS_DIR; };
		AC7D52B2266F45B4003E78F0 /* AppDelegate.swift */ = {isa = PBXFileReference; lastKnownFileType = sourcecode.swift; path = AppDelegate.swift; sourceTree = "<group>"; };
		AC7D52B4266F45B4003E78F0 /* SceneDelegate.swift */ = {isa = PBXFileReference; lastKnownFileType = sourcecode.swift; path = SceneDelegate.swift; sourceTree = "<group>"; };
		AC7D52B6266F45B4003E78F0 /* ViewController.swift */ = {isa = PBXFileReference; lastKnownFileType = sourcecode.swift; path = ViewController.swift; sourceTree = "<group>"; };
		AC7D52B9266F45B4003E78F0 /* Base */ = {isa = PBXFileReference; lastKnownFileType = file.storyboard; name = Base; path = Base.lproj/Main.storyboard; sourceTree = "<group>"; };
		AC7D52BB266F45B5003E78F0 /* Assets.xcassets */ = {isa = PBXFileReference; lastKnownFileType = folder.assetcatalog; path = Assets.xcassets; sourceTree = "<group>"; };
		AC7D52BE266F45B5003E78F0 /* Base */ = {isa = PBXFileReference; lastKnownFileType = file.storyboard; name = Base; path = Base.lproj/LaunchScreen.storyboard; sourceTree = "<group>"; };
		AC7D52C0266F45B5003E78F0 /* Info.plist */ = {isa = PBXFileReference; lastKnownFileType = text.plist.xml; path = Info.plist; sourceTree = "<group>"; };
		AC7D52C5266F45B5003E78F0 /* InvestigatorAppTests.xctest */ = {isa = PBXFileReference; explicitFileType = wrapper.cfbundle; includeInIndex = 0; path = InvestigatorAppTests.xctest; sourceTree = BUILT_PRODUCTS_DIR; };
		AC7D52C9266F45B5003E78F0 /* InvestigatorAppTests.swift */ = {isa = PBXFileReference; lastKnownFileType = sourcecode.swift; path = InvestigatorAppTests.swift; sourceTree = "<group>"; };
		AC7D52CB266F45B5003E78F0 /* Info.plist */ = {isa = PBXFileReference; lastKnownFileType = text.plist.xml; path = Info.plist; sourceTree = "<group>"; };
		AC7D52D0266F45B5003E78F0 /* InvestigatorAppUITests.xctest */ = {isa = PBXFileReference; explicitFileType = wrapper.cfbundle; includeInIndex = 0; path = InvestigatorAppUITests.xctest; sourceTree = BUILT_PRODUCTS_DIR; };
		AC7D52D4266F45B5003E78F0 /* InvestigatorAppUITests.swift */ = {isa = PBXFileReference; lastKnownFileType = sourcecode.swift; path = InvestigatorAppUITests.swift; sourceTree = "<group>"; };
		AC7D52D6266F45B5003E78F0 /* Info.plist */ = {isa = PBXFileReference; lastKnownFileType = text.plist.xml; path = Info.plist; sourceTree = "<group>"; };
		AC7D52E2266F4865003E78F0 /* .gitignore */ = {isa = PBXFileReference; lastKnownFileType = text; path = .gitignore; sourceTree = "<group>"; };
/* End PBXFileReference section */

/* Begin PBXFrameworksBuildPhase section */
		AC7D52AC266F45B4003E78F0 /* Frameworks */ = {
			isa = PBXFrameworksBuildPhase;
			buildActionMask = 2147483647;
			files = (
			);
			runOnlyForDeploymentPostprocessing = 0;
		};
		AC7D52C2266F45B5003E78F0 /* Frameworks */ = {
			isa = PBXFrameworksBuildPhase;
			buildActionMask = 2147483647;
			files = (
			);
			runOnlyForDeploymentPostprocessing = 0;
		};
		AC7D52CD266F45B5003E78F0 /* Frameworks */ = {
			isa = PBXFrameworksBuildPhase;
			buildActionMask = 2147483647;
			files = (
			);
			runOnlyForDeploymentPostprocessing = 0;
		};
/* End PBXFrameworksBuildPhase section */

/* Begin PBXGroup section */
		AC7D52A6266F45B4003E78F0 = {
			isa = PBXGroup;
			children = (
				AC7D52B1266F45B4003E78F0 /* InvestigatorApp */,
				AC7D52C8266F45B5003E78F0 /* InvestigatorAppTests */,
				AC7D52D3266F45B5003E78F0 /* InvestigatorAppUITests */,
				AC7D52B0266F45B4003E78F0 /* Products */,
			);
			sourceTree = "<group>";
		};
		AC7D52B0266F45B4003E78F0 /* Products */ = {
			isa = PBXGroup;
			children = (
				AC7D52AF266F45B4003E78F0 /* InvestigatorApp.app */,
				AC7D52C5266F45B5003E78F0 /* InvestigatorAppTests.xctest */,
				AC7D52D0266F45B5003E78F0 /* InvestigatorAppUITests.xctest */,
			);
			name = Products;
			sourceTree = "<group>";
		};
		AC7D52B1266F45B4003E78F0 /* InvestigatorApp */ = {
			isa = PBXGroup;
			children = (
				AC7D52B2266F45B4003E78F0 /* AppDelegate.swift */,
				AC7D52B4266F45B4003E78F0 /* SceneDelegate.swift */,
				AC7D52B6266F45B4003E78F0 /* ViewController.swift */,
				AC7D52B8266F45B4003E78F0 /* Main.storyboard */,
				AC7D52BB266F45B5003E78F0 /* Assets.xcassets */,
				AC7D52BD266F45B5003E78F0 /* LaunchScreen.storyboard */,
				AC7D52C0266F45B5003E78F0 /* Info.plist */,
				AC7D52E2266F4865003E78F0 /* .gitignore */,
			);
			path = InvestigatorApp;
			sourceTree = "<group>";
		};
		AC7D52C8266F45B5003E78F0 /* InvestigatorAppTests */ = {
			isa = PBXGroup;
			children = (
				AC7D52C9266F45B5003E78F0 /* InvestigatorAppTests.swift */,
				AC7D52CB266F45B5003E78F0 /* Info.plist */,
			);
			path = InvestigatorAppTests;
			sourceTree = "<group>";
		};
		AC7D52D3266F45B5003E78F0 /* InvestigatorAppUITests */ = {
			isa = PBXGroup;
			children = (
				AC7D52D4266F45B5003E78F0 /* InvestigatorAppUITests.swift */,
				AC7D52D6266F45B5003E78F0 /* Info.plist */,
			);
			path = InvestigatorAppUITests;
			sourceTree = "<group>";
		};
/* End PBXGroup section */

/* Begin PBXNativeTarget section */
		AC7D52AE266F45B4003E78F0 /* InvestigatorApp */ = {
			isa = PBXNativeTarget;
			buildConfigurationList = AC7D52D9266F45B5003E78F0 /* Build configuration list for PBXNativeTarget "InvestigatorApp" */;
			buildPhases = (
				AC7D52AB266F45B4003E78F0 /* Sources */,
				AC7D52AC266F45B4003E78F0 /* Frameworks */,
				AC7D52AD266F45B4003E78F0 /* Resources */,
			);
			buildRules = (
			);
			dependencies = (
			);
			name = InvestigatorApp;
			productName = InvestigatorApp;
			productReference = AC7D52AF266F45B4003E78F0 /* InvestigatorApp.app */;
			productType = "com.apple.product-type.application";
		};
		AC7D52C4266F45B5003E78F0 /* InvestigatorAppTests */ = {
			isa = PBXNativeTarget;
			buildConfigurationList = AC7D52DC266F45B5003E78F0 /* Build configuration list for PBXNativeTarget "InvestigatorAppTests" */;
			buildPhases = (
				AC7D52C1266F45B5003E78F0 /* Sources */,
				AC7D52C2266F45B5003E78F0 /* Frameworks */,
				AC7D52C3266F45B5003E78F0 /* Resources */,
			);
			buildRules = (
			);
			dependencies = (
				AC7D52C7266F45B5003E78F0 /* PBXTargetDependency */,
			);
			name = InvestigatorAppTests;
			productName = InvestigatorAppTests;
			productReference = AC7D52C5266F45B5003E78F0 /* InvestigatorAppTests.xctest */;
			productType = "com.apple.product-type.bundle.unit-test";
		};
		AC7D52CF266F45B5003E78F0 /* InvestigatorAppUITests */ = {
			isa = PBXNativeTarget;
			buildConfigurationList = AC7D52DF266F45B5003E78F0 /* Build configuration list for PBXNativeTarget "InvestigatorAppUITests" */;
			buildPhases = (
				AC7D52CC266F45B5003E78F0 /* Sources */,
				AC7D52CD266F45B5003E78F0 /* Frameworks */,
				AC7D52CE266F45B5003E78F0 /* Resources */,
			);
			buildRules = (
			);
			dependencies = (
				AC7D52D2266F45B5003E78F0 /* PBXTargetDependency */,
			);
			name = InvestigatorAppUITests;
			productName = InvestigatorAppUITests;
			productReference = AC7D52D0266F45B5003E78F0 /* InvestigatorAppUITests.xctest */;
			productType = "com.apple.product-type.bundle.ui-testing";
		};
/* End PBXNativeTarget section */

/* Begin PBXProject section */
		AC7D52A7266F45B4003E78F0 /* Project object */ = {
			isa = PBXProject;
			attributes = {
				LastSwiftUpdateCheck = 1250;
				LastUpgradeCheck = 1250;
				TargetAttributes = {
					AC7D52AE266F45B4003E78F0 = {
						CreatedOnToolsVersion = 12.5;
					};
					AC7D52C4266F45B5003E78F0 = {
						CreatedOnToolsVersion = 12.5;
						TestTargetID = AC7D52AE266F45B4003E78F0;
					};
					AC7D52CF266F45B5003E78F0 = {
						CreatedOnToolsVersion = 12.5;
						TestTargetID = AC7D52AE266F45B4003E78F0;
					};
				};
			};
			buildConfigurationList = AC7D52AA266F45B4003E78F0 /* Build configuration list for PBXProject "InvestigatorApp" */;
			compatibilityVersion = "Xcode 9.3";
			developmentRegion = en;
			hasScannedForEncodings = 0;
			knownRegions = (
				en,
				Base,
			);
			mainGroup = AC7D52A6266F45B4003E78F0;
			productRefGroup = AC7D52B0266F45B4003E78F0 /* Products */;
			projectDirPath = "";
			projectRoot = "";
			targets = (
				AC7D52AE266F45B4003E78F0 /* InvestigatorApp */,
				AC7D52C4266F45B5003E78F0 /* InvestigatorAppTests */,
				AC7D52CF266F45B5003E78F0 /* InvestigatorAppUITests */,
			);
		};
/* End PBXProject section */

/* Begin PBXResourcesBuildPhase section */
		AC7D52AD266F45B4003E78F0 /* Resources */ = {
			isa = PBXResourcesBuildPhase;
			buildActionMask = 2147483647;
			files = (
				AC7D52E3266F4865003E78F0 /* .gitignore in Resources */,
				AC7D52BF266F45B5003E78F0 /* LaunchScreen.storyboard in Resources */,
				AC7D52BC266F45B5003E78F0 /* Assets.xcassets in Resources */,
				AC7D52BA266F45B4003E78F0 /* Main.storyboard in Resources */,
			);
			runOnlyForDeploymentPostprocessing = 0;
		};
		AC7D52C3266F45B5003E78F0 /* Resources */ = {
			isa = PBXResourcesBuildPhase;
			buildActionMask = 2147483647;
			files = (
			);
			runOnlyForDeploymentPostprocessing = 0;
		};
		AC7D52CE266F45B5003E78F0 /* Resources */ = {
			isa = PBXResourcesBuildPhase;
			buildActionMask = 2147483647;
			files = (
			);
			runOnlyForDeploymentPostprocessing = 0;
		};
/* End PBXResourcesBuildPhase section */

/* Begin PBXSourcesBuildPhase section */
		AC7D52AB266F45B4003E78F0 /* Sources */ = {
			isa = PBXSourcesBuildPhase;
			buildActionMask = 2147483647;
			files = (
				AC7D52B7266F45B4003E78F0 /* ViewController.swift in Sources */,
				AC7D52B3266F45B4003E78F0 /* AppDelegate.swift in Sources */,
				AC7D52B5266F45B4003E78F0 /* SceneDelegate.swift in Sources */,
			);
			runOnlyForDeploymentPostprocessing = 0;
		};
		AC7D52C1266F45B5003E78F0 /* Sources */ = {
			isa = PBXSourcesBuildPhase;
			buildActionMask = 2147483647;
			files = (
				AC7D52CA266F45B5003E78F0 /* InvestigatorAppTests.swift in Sources */,
			);
			runOnlyForDeploymentPostprocessing = 0;
		};
		AC7D52CC266F45B5003E78F0 /* Sources */ = {
			isa = PBXSourcesBuildPhase;
			buildActionMask = 2147483647;
			files = (
				AC7D52D5266F45B5003E78F0 /* InvestigatorAppUITests.swift in Sources */,
			);
			runOnlyForDeploymentPostprocessing = 0;
		};
/* End PBXSourcesBuildPhase section */

/* Begin PBXTargetDependency section */
		AC7D52C7266F45B5003E78F0 /* PBXTargetDependency */ = {
			isa = PBXTargetDependency;
			target = AC7D52AE266F45B4003E78F0 /* InvestigatorApp */;
			targetProxy = AC7D52C6266F45B5003E78F0 /* PBXContainerItemProxy */;
		};
		AC7D52D2266F45B5003E78F0 /* PBXTargetDependency */ = {
			isa = PBXTargetDependency;
			target = AC7D52AE266F45B4003E78F0 /* InvestigatorApp */;
			targetProxy = AC7D52D1266F45B5003E78F0 /* PBXContainerItemProxy */;
		};
/* End PBXTargetDependency section */

/* Begin PBXVariantGroup section */
		AC7D52B8266F45B4003E78F0 /* Main.storyboard */ = {
			isa = PBXVariantGroup;
			children = (
				AC7D52B9266F45B4003E78F0 /* Base */,
			);
			name = Main.storyboard;
			sourceTree = "<group>";
		};
		AC7D52BD266F45B5003E78F0 /* LaunchScreen.storyboard */ = {
			isa = PBXVariantGroup;
			children = (
				AC7D52BE266F45B5003E78F0 /* Base */,
			);
			name = LaunchScreen.storyboard;
			sourceTree = "<group>";
		};
/* End PBXVariantGroup section */

/* Begin XCBuildConfiguration section */
		AC7D52D7266F45B5003E78F0 /* Debug */ = {
			isa = XCBuildConfiguration;
			buildSettings = {
				ALWAYS_SEARCH_USER_PATHS = NO;
				CLANG_ANALYZER_NONNULL = YES;
				CLANG_ANALYZER_NUMBER_OBJECT_CONVERSION = YES_AGGRESSIVE;
				CLANG_CXX_LANGUAGE_STANDARD = "gnu++14";
				CLANG_CXX_LIBRARY = "libc++";
				CLANG_ENABLE_MODULES = YES;
				CLANG_ENABLE_OBJC_ARC = YES;
				CLANG_ENABLE_OBJC_WEAK = YES;
				CLANG_WARN_BLOCK_CAPTURE_AUTORELEASING = YES;
				CLANG_WARN_BOOL_CONVERSION = YES;
				CLANG_WARN_COMMA = YES;
				CLANG_WARN_CONSTANT_CONVERSION = YES;
				CLANG_WARN_DEPRECATED_OBJC_IMPLEMENTATIONS = YES;
				CLANG_WARN_DIRECT_OBJC_ISA_USAGE = YES_ERROR;
				CLANG_WARN_DOCUMENTATION_COMMENTS = YES;
				CLANG_WARN_EMPTY_BODY = YES;
				CLANG_WARN_ENUM_CONVERSION = YES;
				CLANG_WARN_INFINITE_RECURSION = YES;
				CLANG_WARN_INT_CONVERSION = YES;
				CLANG_WARN_NON_LITERAL_NULL_CONVERSION = YES;
				CLANG_WARN_OBJC_IMPLICIT_RETAIN_SELF = YES;
				CLANG_WARN_OBJC_LITERAL_CONVERSION = YES;
				CLANG_WARN_OBJC_ROOT_CLASS = YES_ERROR;
				CLANG_WARN_QUOTED_INCLUDE_IN_FRAMEWORK_HEADER = YES;
				CLANG_WARN_RANGE_LOOP_ANALYSIS = YES;
				CLANG_WARN_STRICT_PROTOTYPES = YES;
				CLANG_WARN_SUSPICIOUS_MOVE = YES;
				CLANG_WARN_UNGUARDED_AVAILABILITY = YES_AGGRESSIVE;
				CLANG_WARN_UNREACHABLE_CODE = YES;
				CLANG_WARN__DUPLICATE_METHOD_MATCH = YES;
				COPY_PHASE_STRIP = NO;
				DEBUG_INFORMATION_FORMAT = dwarf;
				ENABLE_STRICT_OBJC_MSGSEND = YES;
				ENABLE_TESTABILITY = YES;
				GCC_C_LANGUAGE_STANDARD = gnu11;
				GCC_DYNAMIC_NO_PIC = NO;
				GCC_NO_COMMON_BLOCKS = YES;
				GCC_OPTIMIZATION_LEVEL = 0;
				GCC_PREPROCESSOR_DEFINITIONS = (
					"DEBUG=1",
					"$(inherited)",
				);
				GCC_WARN_64_TO_32_BIT_CONVERSION = YES;
				GCC_WARN_ABOUT_RETURN_TYPE = YES_ERROR;
				GCC_WARN_UNDECLARED_SELECTOR = YES;
				GCC_WARN_UNINITIALIZED_AUTOS = YES_AGGRESSIVE;
				GCC_WARN_UNUSED_FUNCTION = YES;
				GCC_WARN_UNUSED_VARIABLE = YES;
				IPHONEOS_DEPLOYMENT_TARGET = 14.5;
				MTL_ENABLE_DEBUG_INFO = INCLUDE_SOURCE;
				MTL_FAST_MATH = YES;
				ONLY_ACTIVE_ARCH = YES;
				SDKROOT = iphoneos;
				SWIFT_ACTIVE_COMPILATION_CONDITIONS = DEBUG;
				SWIFT_OPTIMIZATION_LEVEL = "-Onone";
			};
			name = Debug;
		};
		AC7D52D8266F45B5003E78F0 /* Release */ = {
			isa = XCBuildConfiguration;
			buildSettings = {
				ALWAYS_SEARCH_USER_PATHS = NO;
				CLANG_ANALYZER_NONNULL = YES;
				CLANG_ANALYZER_NUMBER_OBJECT_CONVERSION = YES_AGGRESSIVE;
				CLANG_CXX_LANGUAGE_STANDARD = "gnu++14";
				CLANG_CXX_LIBRARY = "libc++";
				CLANG_ENABLE_MODULES = YES;
				CLANG_ENABLE_OBJC_ARC = YES;
				CLANG_ENABLE_OBJC_WEAK = YES;
				CLANG_WARN_BLOCK_CAPTURE_AUTORELEASING = YES;
				CLANG_WARN_BOOL_CONVERSION = YES;
				CLANG_WARN_COMMA = YES;
				CLANG_WARN_CONSTANT_CONVERSION = YES;
				CLANG_WARN_DEPRECATED_OBJC_IMPLEMENTATIONS = YES;
				CLANG_WARN_DIRECT_OBJC_ISA_USAGE = YES_ERROR;
				CLANG_WARN_DOCUMENTATION_COMMENTS = YES;
				CLANG_WARN_EMPTY_BODY = YES;
				CLANG_WARN_ENUM_CONVERSION = YES;
				CLANG_WARN_INFINITE_RECURSION = YES;
				CLANG_WARN_INT_CONVERSION = YES;
				CLANG_WARN_NON_LITERAL_NULL_CONVERSION = YES;
				CLANG_WARN_OBJC_IMPLICIT_RETAIN_SELF = YES;
				CLANG_WARN_OBJC_LITERAL_CONVERSION = YES;
				CLANG_WARN_OBJC_ROOT_CLASS = YES_ERROR;
				CLANG_WARN_QUOTED_INCLUDE_IN_FRAMEWORK_HEADER = YES;
				CLANG_WARN_RANGE_LOOP_ANALYSIS = YES;
				CLANG_WARN_STRICT_PROTOTYPES = YES;
				CLANG_WARN_SUSPICIOUS_MOVE = YES;
				CLANG_WARN_UNGUARDED_AVAILABILITY = YES_AGGRESSIVE;
				CLANG_WARN_UNREACHABLE_CODE = YES;
				CLANG_WARN__DUPLICATE_METHOD_MATCH = YES;
				COPY_PHASE_STRIP = NO;
				DEBUG_INFORMATION_FORMAT = "dwarf-with-dsym";
				ENABLE_NS_ASSERTIONS = NO;
				ENABLE_STRICT_OBJC_MSGSEND = YES;
				GCC_C_LANGUAGE_STANDARD = gnu11;
				GCC_NO_COMMON_BLOCKS = YES;
				GCC_WARN_64_TO_32_BIT_CONVERSION = YES;
				GCC_WARN_ABOUT_RETURN_TYPE = YES_ERROR;
				GCC_WARN_UNDECLARED_SELECTOR = YES;
				GCC_WARN_UNINITIALIZED_AUTOS = YES_AGGRESSIVE;
				GCC_WARN_UNUSED_FUNCTION = YES;
				GCC_WARN_UNUSED_VARIABLE = YES;
				IPHONEOS_DEPLOYMENT_TARGET = 14.5;
				MTL_ENABLE_DEBUG_INFO = NO;
				MTL_FAST_MATH = YES;
				SDKROOT = iphoneos;
				SWIFT_COMPILATION_MODE = wholemodule;
				SWIFT_OPTIMIZATION_LEVEL = "-O";
				VALIDATE_PRODUCT = YES;
			};
			name = Release;
		};
		AC7D52DA266F45B5003E78F0 /* Debug */ = {
			isa = XCBuildConfiguration;
			buildSettings = {
				ASSETCATALOG_COMPILER_APPICON_NAME = AppIcon;
				ASSETCATALOG_COMPILER_GLOBAL_ACCENT_COLOR_NAME = AccentColor;
				CODE_SIGN_STYLE = Automatic;
				DEVELOPMENT_TEAM = 7MQ354KRU3;
				INFOPLIST_FILE = InvestigatorApp/Info.plist;
				LD_RUNPATH_SEARCH_PATHS = (
					"$(inherited)",
					"@executable_path/Frameworks",
				);
				PRODUCT_BUNDLE_IDENTIFIER = ArtemA.InvestigatorApp;
				PRODUCT_NAME = "$(TARGET_NAME)";
				SWIFT_VERSION = 5.0;
				TARGETED_DEVICE_FAMILY = "1,2";
			};
			name = Debug;
		};
		AC7D52DB266F45B5003E78F0 /* Release */ = {
			isa = XCBuildConfiguration;
			buildSettings = {
				ASSETCATALOG_COMPILER_APPICON_NAME = AppIcon;
				ASSETCATALOG_COMPILER_GLOBAL_ACCENT_COLOR_NAME = AccentColor;
				CODE_SIGN_STYLE = Automatic;
				DEVELOPMENT_TEAM = 7MQ354KRU3;
				INFOPLIST_FILE = InvestigatorApp/Info.plist;
				LD_RUNPATH_SEARCH_PATHS = (
					"$(inherited)",
					"@executable_path/Frameworks",
				);
				PRODUCT_BUNDLE_IDENTIFIER = ArtemA.InvestigatorApp;
				PRODUCT_NAME = "$(TARGET_NAME)";
				SWIFT_VERSION = 5.0;
				TARGETED_DEVICE_FAMILY = "1,2";
			};
			name = Release;
		};
		AC7D52DD266F45B5003E78F0 /* Debug */ = {
			isa = XCBuildConfiguration;
			buildSettings = {
				ALWAYS_EMBED_SWIFT_STANDARD_LIBRARIES = YES;
				BUNDLE_LOADER = "$(TEST_HOST)";
				CODE_SIGN_STYLE = Automatic;
				DEVELOPMENT_TEAM = 7MQ354KRU3;
				INFOPLIST_FILE = InvestigatorAppTests/Info.plist;
				IPHONEOS_DEPLOYMENT_TARGET = 14.5;
				LD_RUNPATH_SEARCH_PATHS = (
					"$(inherited)",
					"@executable_path/Frameworks",
					"@loader_path/Frameworks",
				);
				PRODUCT_BUNDLE_IDENTIFIER = ArtemA.InvestigatorAppTests;
				PRODUCT_NAME = "$(TARGET_NAME)";
				SWIFT_VERSION = 5.0;
				TARGETED_DEVICE_FAMILY = "1,2";
				TEST_HOST = "$(BUILT_PRODUCTS_DIR)/InvestigatorApp.app/InvestigatorApp";
			};
			name = Debug;
		};
		AC7D52DE266F45B5003E78F0 /* Release */ = {
			isa = XCBuildConfiguration;
			buildSettings = {
				ALWAYS_EMBED_SWIFT_STANDARD_LIBRARIES = YES;
				BUNDLE_LOADER = "$(TEST_HOST)";
				CODE_SIGN_STYLE = Automatic;
				DEVELOPMENT_TEAM = 7MQ354KRU3;
				INFOPLIST_FILE = InvestigatorAppTests/Info.plist;
				IPHONEOS_DEPLOYMENT_TARGET = 14.5;
				LD_RUNPATH_SEARCH_PATHS = (
					"$(inherited)",
					"@executable_path/Frameworks",
					"@loader_path/Frameworks",
				);
				PRODUCT_BUNDLE_IDENTIFIER = ArtemA.InvestigatorAppTests;
				PRODUCT_NAME = "$(TARGET_NAME)";
				SWIFT_VERSION = 5.0;
				TARGETED_DEVICE_FAMILY = "1,2";
				TEST_HOST = "$(BUILT_PRODUCTS_DIR)/InvestigatorApp.app/InvestigatorApp";
			};
			name = Release;
		};
		AC7D52E0266F45B5003E78F0 /* Debug */ = {
			isa = XCBuildConfiguration;
			buildSettings = {
				ALWAYS_EMBED_SWIFT_STANDARD_LIBRARIES = YES;
				CODE_SIGN_STYLE = Automatic;
				DEVELOPMENT_TEAM = 7MQ354KRU3;
				INFOPLIST_FILE = InvestigatorAppUITests/Info.plist;
				LD_RUNPATH_SEARCH_PATHS = (
					"$(inherited)",
					"@executable_path/Frameworks",
					"@loader_path/Frameworks",
				);
				PRODUCT_BUNDLE_IDENTIFIER = ArtemA.InvestigatorAppUITests;
				PRODUCT_NAME = "$(TARGET_NAME)";
				SWIFT_VERSION = 5.0;
				TARGETED_DEVICE_FAMILY = "1,2";
				TEST_TARGET_NAME = InvestigatorApp;
			};
			name = Debug;
		};
		AC7D52E1266F45B5003E78F0 /* Release */ = {
			isa = XCBuildConfiguration;
			buildSettings = {
				ALWAYS_EMBED_SWIFT_STANDARD_LIBRARIES = YES;
				CODE_SIGN_STYLE = Automatic;
				DEVELOPMENT_TEAM = 7MQ354KRU3;
				INFOPLIST_FILE = InvestigatorAppUITests/Info.plist;
				LD_RUNPATH_SEARCH_PATHS = (
					"$(inherited)",
					"@executable_path/Frameworks",
					"@loader_path/Frameworks",
				);
				PRODUCT_BUNDLE_IDENTIFIER = ArtemA.InvestigatorAppUITests;
				PRODUCT_NAME = "$(TARGET_NAME)";
				SWIFT_VERSION = 5.0;
				TARGETED_DEVICE_FAMILY = "1,2";
				TEST_TARGET_NAME = InvestigatorApp;
			};
			name = Release;
		};
/* End XCBuildConfiguration section */

/* Begin XCConfigurationList section */
		AC7D52AA266F45B4003E78F0 /* Build configuration list for PBXProject "InvestigatorApp" */ = {
			isa = XCConfigurationList;
			buildConfigurations = (
				AC7D52D7266F45B5003E78F0 /* Debug */,
				AC7D52D8266F45B5003E78F0 /* Release */,
			);
			defaultConfigurationIsVisible = 0;
			defaultConfigurationName = Release;
		};
		AC7D52D9266F45B5003E78F0 /* Build configuration list for PBXNativeTarget "InvestigatorApp" */ = {
			isa = XCConfigurationList;
			buildConfigurations = (
				AC7D52DA266F45B5003E78F0 /* Debug */,
				AC7D52DB266F45B5003E78F0 /* Release */,
			);
			defaultConfigurationIsVisible = 0;
			defaultConfigurationName = Release;
		};
		AC7D52DC266F45B5003E78F0 /* Build configuration list for PBXNativeTarget "InvestigatorAppTests" */ = {
			isa = XCConfigurationList;
			buildConfigurations = (
				AC7D52DD266F45B5003E78F0 /* Debug */,
				AC7D52DE266F45B5003E78F0 /* Release */,
			);
			defaultConfigurationIsVisible = 0;
			defaultConfigurationName = Release;
		};
		AC7D52DF266F45B5003E78F0 /* Build configuration list for PBXNativeTarget "InvestigatorAppUITests" */ = {
			isa = XCConfigurationList;
			buildConfigurations = (
				AC7D52E0266F45B5003E78F0 /* Debug */,
				AC7D52E1266F45B5003E78F0 /* Release */,
			);
			defaultConfigurationIsVisible = 0;
			defaultConfigurationName = Release;
		};
/* End XCConfigurationList section */
	};
	rootObject = AC7D52A7266F45B4003E78F0 /* Project object */;
}
